
Microsoft Visual Studio Solution File, Format Version 12.00
# Visual Studio Version 16
VisualStudioVersion = 16.0.31829.152
MinimumVisualStudioVersion = 10.0.40219.1
Project("{FAE04EC0-301F-11D3-BF4B-00C04F79EFBC}") = "Proiect final-MTP", "Proiect final-MTP\Proiect final-MTP.csproj", "{1D14B6CC-2C68-4B38-93E4-589CDE09F41E}"
EndProject
Global
	GlobalSection(SolutionConfigurationPlatforms) = preSolution
		Debug|Any CPU = Debug|Any CPU
		Release|Any CPU = Release|Any CPU
	EndGlobalSection
	GlobalSection(ProjectConfigurationPlatforms) = postSolution
		{1D14B6CC-2C68-4B38-93E4-589CDE09F41E}.Debug|Any CPU.ActiveCfg = Debug|Any CPU
		{1D14B6CC-2C68-4B38-93E4-589CDE09F41E}.Debug|Any CPU.Build.0 = Debug|Any CPU
		{1D14B6CC-2C68-4B38-93E4-589CDE09F41E}.Release|Any CPU.ActiveCfg = Release|Any CPU
		{1D14B6CC-2C68-4B38-93E4-589CDE09F41E}.Release|Any CPU.Build.0 = Release|Any CPU
	EndGlobalSection
	GlobalSection(SolutionProperties) = preSolution
		HideSolutionNode = FALSE
	EndGlobalSection
	GlobalSection(ExtensibilityGlobals) = postSolution
		SolutionGuid = {FCE90430-6AE6-411A-8AF8-DBBC0F246D4E}
	EndGlobalSection
EndGlobal
